
Microsoft Visual Studio Solution File, Format Version 12.00
# Visual Studio 15
Project("{FAE04EC0-301F-11D3-BF4B-00C04F79EFBC}") = "UnityXLua", "UnityXLua.csproj", "{CC37809B-EC02-55E0-DD31-0A7BB93059DB}"
EndProject
Project("{FAE04EC0-301F-11D3-BF4B-00C04F79EFBC}") = "UnityXLua.Editor", "UnityXLua.Editor.csproj", "{E7FB0AC5-8946-FFFB-2CB7-830F723ED952}"
EndProject
Global
	GlobalSection(SolutionConfigurationPlatforms) = preSolution
		Debug|Any CPU = Debug|Any CPU
		Release|Any CPU = Release|Any CPU
	EndGlobalSection
	GlobalSection(ProjectConfigurationPlatforms) = postSolution
		{CC37809B-EC02-55E0-DD31-0A7BB93059DB}.Debug|Any CPU.ActiveCfg = Debug|Any CPU
		{CC37809B-EC02-55E0-DD31-0A7BB93059DB}.Debug|Any CPU.Build.0 = Debug|Any CPU
		{CC37809B-EC02-55E0-DD31-0A7BB93059DB}.Release|Any CPU.ActiveCfg = Release|Any CPU
		{CC37809B-EC02-55E0-DD31-0A7BB93059DB}.Release|Any CPU.Build.0 = Release|Any CPU
		{E7FB0AC5-8946-FFFB-2CB7-830F723ED952}.Debug|Any CPU.ActiveCfg = Debug|Any CPU
		{E7FB0AC5-8946-FFFB-2CB7-830F723ED952}.Debug|Any CPU.Build.0 = Debug|Any CPU
		{E7FB0AC5-8946-FFFB-2CB7-830F723ED952}.Release|Any CPU.ActiveCfg = Release|Any CPU
		{E7FB0AC5-8946-FFFB-2CB7-830F723ED952}.Release|Any CPU.Build.0 = Release|Any CPU
	EndGlobalSection
	GlobalSection(SolutionProperties) = preSolution
		HideSolutionNode = FALSE
	EndGlobalSection
EndGlobal
